
Microsoft Visual Studio Solution File, Format Version 12.00
# Visual Studio Version 17
VisualStudioVersion = 17.9.34622.214
MinimumVisualStudioVersion = 10.0.40219.1
Project("{FAE04EC0-301F-11D3-BF4B-00C04F79EFBC}") = "CustomExHandler", "CustomExHandler.csproj", "{800AF751-C82E-4F0E-8D17-5859B39C9813}"
EndProject
Global
	GlobalSection(SolutionConfigurationPlatforms) = preSolution
		Debug|Any CPU = Debug|Any CPU
		Release|Any CPU = Release|Any CPU
	EndGlobalSection
	GlobalSection(ProjectConfigurationPlatforms) = postSolution
		{800AF751-C82E-4F0E-8D17-5859B39C9813}.Debug|Any CPU.ActiveCfg = Debug|Any CPU
		{800AF751-C82E-4F0E-8D17-5859B39C9813}.Debug|Any CPU.Build.0 = Debug|Any CPU
		{800AF751-C82E-4F0E-8D17-5859B39C9813}.Release|Any CPU.ActiveCfg = Release|Any CPU
		{800AF751-C82E-4F0E-8D17-5859B39C9813}.Release|Any CPU.Build.0 = Release|Any CPU
	EndGlobalSection
	GlobalSection(SolutionProperties) = preSolution
		HideSolutionNode = FALSE
	EndGlobalSection
	GlobalSection(ExtensibilityGlobals) = postSolution
		SolutionGuid = {8BCDD9DA-8177-4D91-982B-755BD615C949}
	EndGlobalSection
EndGlobal
